// !$*UTF8*$!
{
	archiveVersion = 1;
	classes = {
	};
	objectVersion = 46;
	objects = {

/* Begin PBXBuildFile section */
		A3C510601DEFB88E00B50108 /* AppDelegate.swift in Sources */ = {isa = PBXBuildFile; fileRef = A3C5105F1DEFB88E00B50108 /* AppDelegate.swift */; };
		A3C510621DEFB88E00B50108 /* ViewController.swift in Sources */ = {isa = PBXBuildFile; fileRef = A3C510611DEFB88E00B50108 /* ViewController.swift */; };
		A3C510651DEFB88F00B50108 /* Main.storyboard in Resources */ = {isa = PBXBuildFile; fileRef = A3C510631DEFB88F00B50108 /* Main.storyboard */; };
		A3C510671DEFB88F00B50108 /* Assets.xcassets in Resources */ = {isa = PBXBuildFile; fileRef = A3C510661DEFB88F00B50108 /* Assets.xcassets */; };
		A3C5106A1DEFB88F00B50108 /* LaunchScreen.storyboard in Resources */ = {isa = PBXBuildFile; fileRef = A3C510681DEFB88F00B50108 /* LaunchScreen.storyboard */; };
		A3C510731DEFBEE200B50108 /* stamp01.png in Resources */ = {isa = PBXBuildFile; fileRef = A3C510711DEFBEE200B50108 /* stamp01.png */; };
		A3C510741DEFBEE200B50108 /* stampbase.jpg in Resources */ = {isa = PBXBuildFile; fileRef = A3C510721DEFBEE200B50108 /* stampbase.jpg */; };
/* End PBXBuildFile section */

/* Begin PBXFileReference section */
		A3C5105C1DEFB88E00B50108 /* StampPittan.app */ = {isa = PBXFileReference; explicitFileType = wrapper.application; includeInIndex = 0; path = StampPittan.app; sourceTree = BUILT_PRODUCTS_DIR; };
		A3C5105F1DEFB88E00B50108 /* AppDelegate.swift */ = {isa = PBXFileReference; lastKnownFileType = sourcecode.swift; path = AppDelegate.swift; sourceTree = "<group>"; };
		A3C510611DEFB88E00B50108 /* ViewController.swift */ = {isa = PBXFileReference; lastKnownFileType = sourcecode.swift; path = ViewController.swift; sourceTree = "<group>"; };
		A3C510641DEFB88F00B50108 /* Base */ = {isa = PBXFileReference; lastKnownFileType = file.storyboard; name = Base; path = Base.lproj/Main.storyboard; sourceTree = "<group>"; };
		A3C510661DEFB88F00B50108 /* Assets.xcassets */ = {isa = PBXFileReference; lastKnownFileType = folder.assetcatalog; path = Assets.xcassets; sourceTree = "<group>"; };
		A3C510691DEFB88F00B50108 /* Base */ = {isa = PBXFileReference; lastKnownFileType = file.storyboard; name = Base; path = Base.lproj/LaunchScreen.storyboard; sourceTree = "<group>"; };
		A3C5106B1DEFB88F00B50108 /* Info.plist */ = {isa = PBXFileReference; lastKnownFileType = text.plist.xml; path = Info.plist; sourceTree = "<group>"; };
		A3C510711DEFBEE200B50108 /* stamp01.png */ = {isa = PBXFileReference; lastKnownFileType = image.png; path = stamp01.png; sourceTree = "<group>"; };
		A3C510721DEFBEE200B50108 /* stampbase.jpg */ = {isa = PBXFileReference; lastKnownFileType = image.jpeg; path = stampbase.jpg; sourceTree = "<group>"; };
/* End PBXFileReference section */

/* Begin PBXFrameworksBuildPhase section */
		A3C510591DEFB88E00B50108 /* Frameworks */ = {
			isa = PBXFrameworksBuildPhase;
			buildActionMask = 2147483647;
			files = (
			);
			runOnlyForDeploymentPostprocessing = 0;
		};
/* End PBXFrameworksBuildPhase section */

/* Begin PBXGroup section */
		A3C510531DEFB88E00B50108 = {
			isa = PBXGroup;
			children = (
				A3C5105E1DEFB88E00B50108 /* StampPittan */,
				A3C5105D1DEFB88E00B50108 /* Products */,
			);
			sourceTree = "<group>";
		};
		A3C5105D1DEFB88E00B50108 /* Products */ = {
			isa = PBXGroup;
			children = (
				A3C5105C1DEFB88E00B50108 /* StampPittan.app */,
			);
			name = Products;
			sourceTree = "<group>";
		};
		A3C5105E1DEFB88E00B50108 /* StampPittan */ = {
			isa = PBXGroup;
			children = (
				A3C5105F1DEFB88E00B50108 /* AppDelegate.swift */,
				A3C510611DEFB88E00B50108 /* ViewController.swift */,
				A3C510631DEFB88F00B50108 /* Main.storyboard */,
				A3C510661DEFB88F00B50108 /* Assets.xcassets */,
				A3C510681DEFB88F00B50108 /* LaunchScreen.storyboard */,
				A3C5106B1DEFB88F00B50108 /* Info.plist */,
				A3C510711DEFBEE200B50108 /* stamp01.png */,
				A3C510721DEFBEE200B50108 /* stampbase.jpg */,
			);
			path = StampPittan;
			sourceTree = "<group>";
		};
/* End PBXGroup section */

/* Begin PBXNativeTarget section */
		A3C5105B1DEFB88E00B50108 /* StampPittan */ = {
			isa = PBXNativeTarget;
			buildConfigurationList = A3C5106E1DEFB88F00B50108 /* Build configuration list for PBXNativeTarget "StampPittan" */;
			buildPhases = (
				A3C510581DEFB88E00B50108 /* Sources */,
				A3C510591DEFB88E00B50108 /* Frameworks */,
				A3C5105A1DEFB88E00B50108 /* Resources */,
			);
			buildRules = (
			);
			dependencies = (
			);
			name = StampPittan;
			productName = StampPittan;
			productReference = A3C5105C1DEFB88E00B50108 /* StampPittan.app */;
			productType = "com.apple.product-type.application";
		};
/* End PBXNativeTarget section */

/* Begin PBXProject section */
		A3C510541DEFB88E00B50108 /* Project object */ = {
			isa = PBXProject;
			attributes = {
				LastSwiftUpdateCheck = 0800;
				LastUpgradeCheck = 0800;
				ORGANIZATIONNAME = agoows;
				TargetAttributes = {
					A3C5105B1DEFB88E00B50108 = {
						CreatedOnToolsVersion = 8.0;
						DevelopmentTeam = V9K28F72P9;
						ProvisioningStyle = Automatic;
					};
				};
			};
			buildConfigurationList = A3C510571DEFB88E00B50108 /* Build configuration list for PBXProject "StampPittan" */;
			compatibilityVersion = "Xcode 3.2";
			developmentRegion = English;
			hasScannedForEncodings = 0;
			knownRegions = (
				en,
				Base,
			);
			mainGroup = A3C510531DEFB88E00B50108;
			productRefGroup = A3C5105D1DEFB88E00B50108 /* Products */;
			projectDirPath = "";
			projectRoot = "";
			targets = (
				A3C5105B1DEFB88E00B50108 /* StampPittan */,
			);
		};
/* End PBXProject section */

/* Begin PBXResourcesBuildPhase section */
		A3C5105A1DEFB88E00B50108 /* Resources */ = {
			isa = PBXResourcesBuildPhase;
			buildActionMask = 2147483647;
			files = (
				A3C510731DEFBEE200B50108 /* stamp01.png in Resources */,
				A3C5106A1DEFB88F00B50108 /* LaunchScreen.storyboard in Resources */,
				A3C510671DEFB88F00B50108 /* Assets.xcassets in Resources */,
				A3C510741DEFBEE200B50108 /* stampbase.jpg in Resources */,
				A3C510651DEFB88F00B50108 /* Main.storyboard in Resources */,
			);
			runOnlyForDeploymentPostprocessing = 0;
		};
/* End PBXResourcesBuildPhase section */

/* Begin PBXSourcesBuildPhase section */
		A3C510581DEFB88E00B50108 /* Sources */ = {
			isa = PBXSourcesBuildPhase;
			buildActionMask = 2147483647;
			files = (
				A3C510621DEFB88E00B50108 /* ViewController.swift in Sources */,
				A3C510601DEFB88E00B50108 /* AppDelegate.swift in Sources */,
			);
			runOnlyForDeploymentPostprocessing = 0;
		};
/* End PBXSourcesBuildPhase section */

/* Begin PBXVariantGroup section */
		A3C510631DEFB88F00B50108 /* Main.storyboard */ = {
			isa = PBXVariantGroup;
			children = (
				A3C510641DEFB88F00B50108 /* Base */,
			);
			name = Main.storyboard;
			sourceTree = "<group>";
		};
		A3C510681DEFB88F00B50108 /* LaunchScreen.storyboard */ = {
			isa = PBXVariantGroup;
			children = (
				A3C510691DEFB88F00B50108 /* Base */,
			);
			name = LaunchScreen.storyboard;
			sourceTree = "<group>";
		};
/* End PBXVariantGroup section */

/* Begin XCBuildConfiguration section */
		A3C5106C1DEFB88F00B50108 /* Debug */ = {
			isa = XCBuildConfiguration;
			buildSettings = {
				ALWAYS_SEARCH_USER_PATHS = NO;
				CLANG_ANALYZER_NONNULL = YES;
				CLANG_CXX_LANGUAGE_STANDARD = "gnu++0x";
				CLANG_CXX_LIBRARY = "libc++";
				CLANG_ENABLE_MODULES = YES;
				CLANG_ENABLE_OBJC_ARC = YES;
				CLANG_WARN_BOOL_CONVERSION = YES;
				CLANG_WARN_CONSTANT_CONVERSION = YES;
				CLANG_WARN_DIRECT_OBJC_ISA_USAGE = YES_ERROR;
				CLANG_WARN_DOCUMENTATION_COMMENTS = YES;
				CLANG_WARN_EMPTY_BODY = YES;
				CLANG_WARN_ENUM_CONVERSION = YES;
				CLANG_WARN_INFINITE_RECURSION = YES;
				CLANG_WARN_INT_CONVERSION = YES;
				CLANG_WARN_OBJC_ROOT_CLASS = YES_ERROR;
				CLANG_WARN_SUSPICIOUS_MOVES = YES;
				CLANG_WARN_UNREACHABLE_CODE = YES;
				CLANG_WARN__DUPLICATE_METHOD_MATCH = YES;
				"CODE_SIGN_IDENTITY[sdk=iphoneos*]" = "iPhone Developer";
				COPY_PHASE_STRIP = NO;
				DEBUG_INFORMATION_FORMAT = dwarf;
				ENABLE_STRICT_OBJC_MSGSEND = YES;
				ENABLE_TESTABILITY = YES;
				GCC_C_LANGUAGE_STANDARD = gnu99;
				GCC_DYNAMIC_NO_PIC = NO;
				GCC_NO_COMMON_BLOCKS = YES;
				GCC_OPTIMIZATION_LEVEL = 0;
				GCC_PREPROCESSOR_DEFINITIONS = (
					"DEBUG=1",
					"$(inherited)",
				);
				GCC_WARN_64_TO_32_BIT_CONVERSION = YES;
				GCC_WARN_ABOUT_RETURN_TYPE = YES_ERROR;
				GCC_WARN_UNDECLARED_SELECTOR = YES;
				GCC_WARN_UNINITIALIZED_AUTOS = YES_AGGRESSIVE;
				GCC_WARN_UNUSED_FUNCTION = YES;
				GCC_WARN_UNUSED_VARIABLE = YES;
				IPHONEOS_DEPLOYMENT_TARGET = 10.0;
				MTL_ENABLE_DEBUG_INFO = YES;
				ONLY_ACTIVE_ARCH = YES;
				SDKROOT = iphoneos;
				SWIFT_ACTIVE_COMPILATION_CONDITIONS = DEBUG;
				SWIFT_OPTIMIZATION_LEVEL = "-Onone";
				TARGETED_DEVICE_FAMILY = "1,2";
			};
			name = Debug;
		};
		A3C5106D1DEFB88F00B50108 /* Release */ = {
			isa = XCBuildConfiguration;
			buildSettings = {
				ALWAYS_SEARCH_USER_PATHS = NO;
				CLANG_ANALYZER_NONNULL = YES;
				CLANG_CXX_LANGUAGE_STANDARD = "gnu++0x";
				CLANG_CXX_LIBRARY = "libc++";
				CLANG_ENABLE_MODULES = YES;
				CLANG_ENABLE_OBJC_ARC = YES;
				CLANG_WARN_BOOL_CONVERSION = YES;
				CLANG_WARN_CONSTANT_CONVERSION = YES;
				CLANG_WARN_DIRECT_OBJC_ISA_USAGE = YES_ERROR;
				CLANG_WARN_DOCUMENTATION_COMMENTS = YES;
				CLANG_WARN_EMPTY_BODY = YES;
				CLANG_WARN_ENUM_CONVERSION = YES;
				CLANG_WARN_INFINITE_RECURSION = YES;
				CLANG_WARN_INT_CONVERSION = YES;
				CLANG_WARN_OBJC_ROOT_CLASS = YES_ERROR;
				CLANG_WARN_SUSPICIOUS_MOVES = YES;
				CLANG_WARN_UNREACHABLE_CODE = YES;
				CLANG_WARN__DUPLICATE_METHOD_MATCH = YES;
				"CODE_SIGN_IDENTITY[sdk=iphoneos*]" = "iPhone Developer";
				COPY_PHASE_STRIP = NO;
				DEBUG_INFORMATION_FORMAT = "dwarf-with-dsym";
				ENABLE_NS_ASSERTIONS = NO;
				ENABLE_STRICT_OBJC_MSGSEND = YES;
				GCC_C_LANGUAGE_STANDARD = gnu99;
				GCC_NO_COMMON_BLOCKS = YES;
				GCC_WARN_64_TO_32_BIT_CONVERSION = YES;
				GCC_WARN_ABOUT_RETURN_TYPE = YES_ERROR;
				GCC_WARN_UNDECLARED_SELECTOR = YES;
				GCC_WARN_UNINITIALIZED_AUTOS = YES_AGGRESSIVE;
				GCC_WARN_UNUSED_FUNCTION = YES;
				GCC_WARN_UNUSED_VARIABLE = YES;
				IPHONEOS_DEPLOYMENT_TARGET = 10.0;
				MTL_ENABLE_DEBUG_INFO = NO;
				SDKROOT = iphoneos;
				SWIFT_OPTIMIZATION_LEVEL = "-Owholemodule";
				TARGETED_DEVICE_FAMILY = "1,2";
				VALIDATE_PRODUCT = YES;
			};
			name = Release;
		};
		A3C5106F1DEFB88F00B50108 /* Debug */ = {
			isa = XCBuildConfiguration;
			buildSettings = {
				ASSETCATALOG_COMPILER_APPICON_NAME = AppIcon;
				DEVELOPMENT_TEAM = V9K28F72P9;
				INFOPLIST_FILE = StampPittan/Info.plist;
				LD_RUNPATH_SEARCH_PATHS = "$(inherited) @executable_path/Frameworks";
				PRODUCT_BUNDLE_IDENTIFIER = jp.agoows.StampPittan;
				PRODUCT_NAME = "$(TARGET_NAME)";
				SWIFT_VERSION = 3.0;
			};
			name = Debug;
		};
		A3C510701DEFB88F00B50108 /* Release */ = {
			isa = XCBuildConfiguration;
			buildSettings = {
				ASSETCATALOG_COMPILER_APPICON_NAME = AppIcon;
				DEVELOPMENT_TEAM = V9K28F72P9;
				INFOPLIST_FILE = StampPittan/Info.plist;
				LD_RUNPATH_SEARCH_PATHS = "$(inherited) @executable_path/Frameworks";
				PRODUCT_BUNDLE_IDENTIFIER = jp.agoows.StampPittan;
				PRODUCT_NAME = "$(TARGET_NAME)";
				SWIFT_VERSION = 3.0;
			};
			name = Release;
		};
/* End XCBuildConfiguration section */

/* Begin XCConfigurationList section */
		A3C510571DEFB88E00B50108 /* Build configuration list for PBXProject "StampPittan" */ = {
			isa = XCConfigurationList;
			buildConfigurations = (
				A3C5106C1DEFB88F00B50108 /* Debug */,
				A3C5106D1DEFB88F00B50108 /* Release */,
			);
			defaultConfigurationIsVisible = 0;
			defaultConfigurationName = Release;
		};
		A3C5106E1DEFB88F00B50108 /* Build configuration list for PBXNativeTarget "StampPittan" */ = {
			isa = XCConfigurationList;
			buildConfigurations = (
				A3C5106F1DEFB88F00B50108 /* Debug */,
				A3C510701DEFB88F00B50108 /* Release */,
			);
			defaultConfigurationIsVisible = 0;
		};
/* End XCConfigurationList section */
	};
	rootObject = A3C510541DEFB88E00B50108 /* Project object */;
}
